
Microsoft Visual Studio Solution File, Format Version 12.00
# Visual Studio Version 17
VisualStudioVersion = 17.14.37012.4 d17.14
MinimumVisualStudioVersion = 10.0.40219.1
Project("{FAE04EC0-301F-11D3-BF4B-00C04F79EFBC}") = "PersonalFinanceAPI", "PersonalFinanceAPI\PersonalFinanceAPI.csproj", "{5C4D1D4F-6DFD-4BF2-85DE-110D3D9F96C0}"
EndProject
Global
	GlobalSection(SolutionConfigurationPlatforms) = preSolution
		Debug|Any CPU = Debug|Any CPU
		Release|Any CPU = Release|Any CPU
	EndGlobalSection
	GlobalSection(ProjectConfigurationPlatforms) = postSolution
		{5C4D1D4F-6DFD-4BF2-85DE-110D3D9F96C0}.Debug|Any CPU.ActiveCfg = Debug|Any CPU
		{5C4D1D4F-6DFD-4BF2-85DE-110D3D9F96C0}.Debug|Any CPU.Build.0 = Debug|Any CPU
		{5C4D1D4F-6DFD-4BF2-85DE-110D3D9F96C0}.Release|Any CPU.ActiveCfg = Release|Any CPU
		{5C4D1D4F-6DFD-4BF2-85DE-110D3D9F96C0}.Release|Any CPU.Build.0 = Release|Any CPU
	EndGlobalSection
	GlobalSection(SolutionProperties) = preSolution
		HideSolutionNode = FALSE
	EndGlobalSection
	GlobalSection(ExtensibilityGlobals) = postSolution
		SolutionGuid = {F28A8E17-CE05-4616-81A2-C10C5634A34B}
	EndGlobalSection
EndGlobal
